// !$*UTF8*$!
{
	archiveVersion = 1;
	classes = {
	};
	objectVersion = 46;
	objects = {

/* Begin PBXBuildFile section */
		497F29111B01357B00670BC9 /* AppDelegate.swift in Sources */ = {isa = PBXBuildFile; fileRef = 497F29101B01357B00670BC9 /* AppDelegate.swift */; };
		497F29131B01357B00670BC9 /* ViewController.swift in Sources */ = {isa = PBXBuildFile; fileRef = 497F29121B01357B00670BC9 /* ViewController.swift */; };
		497F29161B01357B00670BC9 /* Main.storyboard in Resources */ = {isa = PBXBuildFile; fileRef = 497F29141B01357B00670BC9 /* Main.storyboard */; };
		497F29181B01357B00670BC9 /* Images.xcassets in Resources */ = {isa = PBXBuildFile; fileRef = 497F29171B01357B00670BC9 /* Images.xcassets */; };
		497F291B1B01357B00670BC9 /* LaunchScreen.xib in Resources */ = {isa = PBXBuildFile; fileRef = 497F29191B01357B00670BC9 /* LaunchScreen.xib */; };
		497F29271B01357C00670BC9 /* Agenda2Tests.swift in Sources */ = {isa = PBXBuildFile; fileRef = 497F29261B01357C00670BC9 /* Agenda2Tests.swift */; };
/* End PBXBuildFile section */

/* Begin PBXContainerItemProxy section */
		497F29211B01357C00670BC9 /* PBXContainerItemProxy */ = {
			isa = PBXContainerItemProxy;
			containerPortal = 497F29031B01357B00670BC9 /* Project object */;
			proxyType = 1;
			remoteGlobalIDString = 497F290A1B01357B00670BC9;
			remoteInfo = Agenda2;
		};
/* End PBXContainerItemProxy section */

/* Begin PBXFileReference section */
		497F290B1B01357B00670BC9 /* Agenda2.app */ = {isa = PBXFileReference; explicitFileType = wrapper.application; includeInIndex = 0; path = Agenda2.app; sourceTree = BUILT_PRODUCTS_DIR; };
		497F290F1B01357B00670BC9 /* Info.plist */ = {isa = PBXFileReference; lastKnownFileType = text.plist.xml; path = Info.plist; sourceTree = "<group>"; };
		497F29101B01357B00670BC9 /* AppDelegate.swift */ = {isa = PBXFileReference; lastKnownFileType = sourcecode.swift; path = AppDelegate.swift; sourceTree = "<group>"; };
		497F29121B01357B00670BC9 /* ViewController.swift */ = {isa = PBXFileReference; lastKnownFileType = sourcecode.swift; path = ViewController.swift; sourceTree = "<group>"; };
		497F29151B01357B00670BC9 /* Base */ = {isa = PBXFileReference; lastKnownFileType = file.storyboard; name = Base; path = Base.lproj/Main.storyboard; sourceTree = "<group>"; };
		497F29171B01357B00670BC9 /* Images.xcassets */ = {isa = PBXFileReference; lastKnownFileType = folder.assetcatalog; path = Images.xcassets; sourceTree = "<group>"; };
		497F291A1B01357B00670BC9 /* Base */ = {isa = PBXFileReference; lastKnownFileType = file.xib; name = Base; path = Base.lproj/LaunchScreen.xib; sourceTree = "<group>"; };
		497F29201B01357C00670BC9 /* Agenda2Tests.xctest */ = {isa = PBXFileReference; explicitFileType = wrapper.cfbundle; includeInIndex = 0; path = Agenda2Tests.xctest; sourceTree = BUILT_PRODUCTS_DIR; };
		497F29251B01357C00670BC9 /* Info.plist */ = {isa = PBXFileReference; lastKnownFileType = text.plist.xml; path = Info.plist; sourceTree = "<group>"; };
		497F29261B01357C00670BC9 /* Agenda2Tests.swift */ = {isa = PBXFileReference; lastKnownFileType = sourcecode.swift; path = Agenda2Tests.swift; sourceTree = "<group>"; };
/* End PBXFileReference section */

/* Begin PBXFrameworksBuildPhase section */
		497F29081B01357B00670BC9 /* Frameworks */ = {
			isa = PBXFrameworksBuildPhase;
			buildActionMask = 2147483647;
			files = (
			);
			runOnlyForDeploymentPostprocessing = 0;
		};
		497F291D1B01357C00670BC9 /* Frameworks */ = {
			isa = PBXFrameworksBuildPhase;
			buildActionMask = 2147483647;
			files = (
			);
			runOnlyForDeploymentPostprocessing = 0;
		};
/* End PBXFrameworksBuildPhase section */

/* Begin PBXGroup section */
		497F29021B01357B00670BC9 = {
			isa = PBXGroup;
			children = (
				497F290D1B01357B00670BC9 /* Agenda2 */,
				497F29231B01357C00670BC9 /* Agenda2Tests */,
				497F290C1B01357B00670BC9 /* Products */,
			);
			sourceTree = "<group>";
		};
		497F290C1B01357B00670BC9 /* Products */ = {
			isa = PBXGroup;
			children = (
				497F290B1B01357B00670BC9 /* Agenda2.app */,
				497F29201B01357C00670BC9 /* Agenda2Tests.xctest */,
			);
			name = Products;
			sourceTree = "<group>";
		};
		497F290D1B01357B00670BC9 /* Agenda2 */ = {
			isa = PBXGroup;
			children = (
				497F29101B01357B00670BC9 /* AppDelegate.swift */,
				497F29121B01357B00670BC9 /* ViewController.swift */,
				497F29141B01357B00670BC9 /* Main.storyboard */,
				497F29171B01357B00670BC9 /* Images.xcassets */,
				497F29191B01357B00670BC9 /* LaunchScreen.xib */,
				497F290E1B01357B00670BC9 /* Supporting Files */,
			);
			path = Agenda2;
			sourceTree = "<group>";
		};
		497F290E1B01357B00670BC9 /* Supporting Files */ = {
			isa = PBXGroup;
			children = (
				497F290F1B01357B00670BC9 /* Info.plist */,
			);
			name = "Supporting Files";
			sourceTree = "<group>";
		};
		497F29231B01357C00670BC9 /* Agenda2Tests */ = {
			isa = PBXGroup;
			children = (
				497F29261B01357C00670BC9 /* Agenda2Tests.swift */,
				497F29241B01357C00670BC9 /* Supporting Files */,
			);
			path = Agenda2Tests;
			sourceTree = "<group>";
		};
		497F29241B01357C00670BC9 /* Supporting Files */ = {
			isa = PBXGroup;
			children = (
				497F29251B01357C00670BC9 /* Info.plist */,
			);
			name = "Supporting Files";
			sourceTree = "<group>";
		};
/* End PBXGroup section */

/* Begin PBXNativeTarget section */
		497F290A1B01357B00670BC9 /* Agenda2 */ = {
			isa = PBXNativeTarget;
			buildConfigurationList = 497F292A1B01357C00670BC9 /* Build configuration list for PBXNativeTarget "Agenda2" */;
			buildPhases = (
				497F29071B01357B00670BC9 /* Sources */,
				497F29081B01357B00670BC9 /* Frameworks */,
				497F29091B01357B00670BC9 /* Resources */,
			);
			buildRules = (
			);
			dependencies = (
			);
			name = Agenda2;
			productName = Agenda2;
			productReference = 497F290B1B01357B00670BC9 /* Agenda2.app */;
			productType = "com.apple.product-type.application";
		};
		497F291F1B01357C00670BC9 /* Agenda2Tests */ = {
			isa = PBXNativeTarget;
			buildConfigurationList = 497F292D1B01357C00670BC9 /* Build configuration list for PBXNativeTarget "Agenda2Tests" */;
			buildPhases = (
				497F291C1B01357C00670BC9 /* Sources */,
				497F291D1B01357C00670BC9 /* Frameworks */,
				497F291E1B01357C00670BC9 /* Resources */,
			);
			buildRules = (
			);
			dependencies = (
				497F29221B01357C00670BC9 /* PBXTargetDependency */,
			);
			name = Agenda2Tests;
			productName = Agenda2Tests;
			productReference = 497F29201B01357C00670BC9 /* Agenda2Tests.xctest */;
			productType = "com.apple.product-type.bundle.unit-test";
		};
/* End PBXNativeTarget section */

/* Begin PBXProject section */
		497F29031B01357B00670BC9 /* Project object */ = {
			isa = PBXProject;
			attributes = {
				LastUpgradeCheck = 0630;
				ORGANIZATIONNAME = "MIguel Saravia";
				TargetAttributes = {
					497F290A1B01357B00670BC9 = {
						CreatedOnToolsVersion = 6.3;
					};
					497F291F1B01357C00670BC9 = {
						CreatedOnToolsVersion = 6.3;
						TestTargetID = 497F290A1B01357B00670BC9;
					};
				};
			};
			buildConfigurationList = 497F29061B01357B00670BC9 /* Build configuration list for PBXProject "Agenda2" */;
			compatibilityVersion = "Xcode 3.2";
			developmentRegion = English;
			hasScannedForEncodings = 0;
			knownRegions = (
				en,
				Base,
			);
			mainGroup = 497F29021B01357B00670BC9;
			productRefGroup = 497F290C1B01357B00670BC9 /* Products */;
			projectDirPath = "";
			projectRoot = "";
			targets = (
				497F290A1B01357B00670BC9 /* Agenda2 */,
				497F291F1B01357C00670BC9 /* Agenda2Tests */,
			);
		};
/* End PBXProject section */

/* Begin PBXResourcesBuildPhase section */
		497F29091B01357B00670BC9 /* Resources */ = {
			isa = PBXResourcesBuildPhase;
			buildActionMask = 2147483647;
			files = (
				497F29161B01357B00670BC9 /* Main.storyboard in Resources */,
				497F291B1B01357B00670BC9 /* LaunchScreen.xib in Resources */,
				497F29181B01357B00670BC9 /* Images.xcassets in Resources */,
			);
			runOnlyForDeploymentPostprocessing = 0;
		};
		497F291E1B01357C00670BC9 /* Resources */ = {
			isa = PBXResourcesBuildPhase;
			buildActionMask = 2147483647;
			files = (
			);
			runOnlyForDeploymentPostprocessing = 0;
		};
/* End PBXResourcesBuildPhase section */

/* Begin PBXSourcesBuildPhase section */
		497F29071B01357B00670BC9 /* Sources */ = {
			isa = PBXSourcesBuildPhase;
			buildActionMask = 2147483647;
			files = (
				497F29131B01357B00670BC9 /* ViewController.swift in Sources */,
				497F29111B01357B00670BC9 /* AppDelegate.swift in Sources */,
			);
			runOnlyForDeploymentPostprocessing = 0;
		};
		497F291C1B01357C00670BC9 /* Sources */ = {
			isa = PBXSourcesBuildPhase;
			buildActionMask = 2147483647;
			files = (
				497F29271B01357C00670BC9 /* Agenda2Tests.swift in Sources */,
			);
			runOnlyForDeploymentPostprocessing = 0;
		};
/* End PBXSourcesBuildPhase section */

/* Begin PBXTargetDependency section */
		497F29221B01357C00670BC9 /* PBXTargetDependency */ = {
			isa = PBXTargetDependency;
			target = 497F290A1B01357B00670BC9 /* Agenda2 */;
			targetProxy = 497F29211B01357C00670BC9 /* PBXContainerItemProxy */;
		};
/* End PBXTargetDependency section */

/* Begin PBXVariantGroup section */
		497F29141B01357B00670BC9 /* Main.storyboard */ = {
			isa = PBXVariantGroup;
			children = (
				497F29151B01357B00670BC9 /* Base */,
			);
			name = Main.storyboard;
			sourceTree = "<group>";
		};
		497F29191B01357B00670BC9 /* LaunchScreen.xib */ = {
			isa = PBXVariantGroup;
			children = (
				497F291A1B01357B00670BC9 /* Base */,
			);
			name = LaunchScreen.xib;
			sourceTree = "<group>";
		};
/* End PBXVariantGroup section */

/* Begin XCBuildConfiguration section */
		497F29281B01357C00670BC9 /* Debug */ = {
			isa = XCBuildConfiguration;
			buildSettings = {
				ALWAYS_SEARCH_USER_PATHS = NO;
				CLANG_CXX_LANGUAGE_STANDARD = "gnu++0x";
				CLANG_CXX_LIBRARY = "libc++";
				CLANG_ENABLE_MODULES = YES;
				CLANG_ENABLE_OBJC_ARC = YES;
				CLANG_WARN_BOOL_CONVERSION = YES;
				CLANG_WARN_CONSTANT_CONVERSION = YES;
				CLANG_WARN_DIRECT_OBJC_ISA_USAGE = YES_ERROR;
				CLANG_WARN_EMPTY_BODY = YES;
				CLANG_WARN_ENUM_CONVERSION = YES;
				CLANG_WARN_INT_CONVERSION = YES;
				CLANG_WARN_OBJC_ROOT_CLASS = YES_ERROR;
				CLANG_WARN_UNREACHABLE_CODE = YES;
				CLANG_WARN__DUPLICATE_METHOD_MATCH = YES;
				"CODE_SIGN_IDENTITY[sdk=iphoneos*]" = "iPhone Developer";
				COPY_PHASE_STRIP = NO;
				DEBUG_INFORMATION_FORMAT = "dwarf-with-dsym";
				ENABLE_STRICT_OBJC_MSGSEND = YES;
				GCC_C_LANGUAGE_STANDARD = gnu99;
				GCC_DYNAMIC_NO_PIC = NO;
				GCC_NO_COMMON_BLOCKS = YES;
				GCC_OPTIMIZATION_LEVEL = 0;
				GCC_PREPROCESSOR_DEFINITIONS = (
					"DEBUG=1",
					"$(inherited)",
				);
				GCC_SYMBOLS_PRIVATE_EXTERN = NO;
				GCC_WARN_64_TO_32_BIT_CONVERSION = YES;
				GCC_WARN_ABOUT_RETURN_TYPE = YES_ERROR;
				GCC_WARN_UNDECLARED_SELECTOR = YES;
				GCC_WARN_UNINITIALIZED_AUTOS = YES_AGGRESSIVE;
				GCC_WARN_UNUSED_FUNCTION = YES;
				GCC_WARN_UNUSED_VARIABLE = YES;
				IPHONEOS_DEPLOYMENT_TARGET = 8.3;
				MTL_ENABLE_DEBUG_INFO = YES;
				ONLY_ACTIVE_ARCH = YES;
				SDKROOT = iphoneos;
				SWIFT_OPTIMIZATION_LEVEL = "-Onone";
			};
			name = Debug;
		};
		497F29291B01357C00670BC9 /* Release */ = {
			isa = XCBuildConfiguration;
			buildSettings = {
				ALWAYS_SEARCH_USER_PATHS = NO;
				CLANG_CXX_LANGUAGE_STANDARD = "gnu++0x";
				CLANG_CXX_LIBRARY = "libc++";
				CLANG_ENABLE_MODULES = YES;
				CLANG_ENABLE_OBJC_ARC = YES;
				CLANG_WARN_BOOL_CONVERSION = YES;
				CLANG_WARN_CONSTANT_CONVERSION = YES;
				CLANG_WARN_DIRECT_OBJC_ISA_USAGE = YES_ERROR;
				CLANG_WARN_EMPTY_BODY = YES;
				CLANG_WARN_ENUM_CONVERSION = YES;
				CLANG_WARN_INT_CONVERSION = YES;
				CLANG_WARN_OBJC_ROOT_CLASS = YES_ERROR;
				CLANG_WARN_UNREACHABLE_CODE = YES;
				CLANG_WARN__DUPLICATE_METHOD_MATCH = YES;
				"CODE_SIGN_IDENTITY[sdk=iphoneos*]" = "iPhone Developer";
				COPY_PHASE_STRIP = NO;
				DEBUG_INFORMATION_FORMAT = "dwarf-with-dsym";
				ENABLE_NS_ASSERTIONS = NO;
				ENABLE_STRICT_OBJC_MSGSEND = YES;
				GCC_C_LANGUAGE_STANDARD = gnu99;
				GCC_NO_COMMON_BLOCKS = YES;
				GCC_WARN_64_TO_32_BIT_CONVERSION = YES;
				GCC_WARN_ABOUT_RETURN_TYPE = YES_ERROR;
				GCC_WARN_UNDECLARED_SELECTOR = YES;
				GCC_WARN_UNINITIALIZED_AUTOS = YES_AGGRESSIVE;
				GCC_WARN_UNUSED_FUNCTION = YES;
				GCC_WARN_UNUSED_VARIABLE = YES;
				IPHONEOS_DEPLOYMENT_TARGET = 8.3;
				MTL_ENABLE_DEBUG_INFO = NO;
				SDKROOT = iphoneos;
				VALIDATE_PRODUCT = YES;
			};
			name = Release;
		};
		497F292B1B01357C00670BC9 /* Debug */ = {
			isa = XCBuildConfiguration;
			buildSettings = {
				ASSETCATALOG_COMPILER_APPICON_NAME = AppIcon;
				INFOPLIST_FILE = Agenda2/Info.plist;
				LD_RUNPATH_SEARCH_PATHS = "$(inherited) @executable_path/Frameworks";
				PRODUCT_NAME = "$(TARGET_NAME)";
			};
			name = Debug;
		};
		497F292C1B01357C00670BC9 /* Release */ = {
			isa = XCBuildConfiguration;
			buildSettings = {
				ASSETCATALOG_COMPILER_APPICON_NAME = AppIcon;
				INFOPLIST_FILE = Agenda2/Info.plist;
				LD_RUNPATH_SEARCH_PATHS = "$(inherited) @executable_path/Frameworks";
				PRODUCT_NAME = "$(TARGET_NAME)";
			};
			name = Release;
		};
		497F292E1B01357C00670BC9 /* Debug */ = {
			isa = XCBuildConfiguration;
			buildSettings = {
				BUNDLE_LOADER = "$(TEST_HOST)";
				FRAMEWORK_SEARCH_PATHS = (
					"$(SDKROOT)/Developer/Library/Frameworks",
					"$(inherited)",
				);
				GCC_PREPROCESSOR_DEFINITIONS = (
					"DEBUG=1",
					"$(inherited)",
				);
				INFOPLIST_FILE = Agenda2Tests/Info.plist;
				LD_RUNPATH_SEARCH_PATHS = "$(inherited) @executable_path/Frameworks @loader_path/Frameworks";
				PRODUCT_NAME = "$(TARGET_NAME)";
				TEST_HOST = "$(BUILT_PRODUCTS_DIR)/Agenda2.app/Agenda2";
			};
			name = Debug;
		};
		497F292F1B01357C00670BC9 /* Release */ = {
			isa = XCBuildConfiguration;
			buildSettings = {
				BUNDLE_LOADER = "$(TEST_HOST)";
				FRAMEWORK_SEARCH_PATHS = (
					"$(SDKROOT)/Developer/Library/Frameworks",
					"$(inherited)",
				);
				INFOPLIST_FILE = Agenda2Tests/Info.plist;
				LD_RUNPATH_SEARCH_PATHS = "$(inherited) @executable_path/Frameworks @loader_path/Frameworks";
				PRODUCT_NAME = "$(TARGET_NAME)";
				TEST_HOST = "$(BUILT_PRODUCTS_DIR)/Agenda2.app/Agenda2";
			};
			name = Release;
		};
/* End XCBuildConfiguration section */

/* Begin XCConfigurationList section */
		497F29061B01357B00670BC9 /* Build configuration list for PBXProject "Agenda2" */ = {
			isa = XCConfigurationList;
			buildConfigurations = (
				497F29281B01357C00670BC9 /* Debug */,
				497F29291B01357C00670BC9 /* Release */,
			);
			defaultConfigurationIsVisible = 0;
			defaultConfigurationName = Release;
		};
		497F292A1B01357C00670BC9 /* Build configuration list for PBXNativeTarget "Agenda2" */ = {
			isa = XCConfigurationList;
			buildConfigurations = (
				497F292B1B01357C00670BC9 /* Debug */,
				497F292C1B01357C00670BC9 /* Release */,
			);
			defaultConfigurationIsVisible = 0;
		};
		497F292D1B01357C00670BC9 /* Build configuration list for PBXNativeTarget "Agenda2Tests" */ = {
			isa = XCConfigurationList;
			buildConfigurations = (
				497F292E1B01357C00670BC9 /* Debug */,
				497F292F1B01357C00670BC9 /* Release */,
			);
			defaultConfigurationIsVisible = 0;
		};
/* End XCConfigurationList section */
	};
	rootObject = 497F29031B01357B00670BC9 /* Project object */;
}
